
Microsoft Visual Studio Solution File, Format Version 12.00
# Visual Studio Version 17
VisualStudioVersion = 17.8.34330.188
MinimumVisualStudioVersion = 10.0.40219.1
Project("{FAE04EC0-301F-11D3-BF4B-00C04F79EFBC}") = "UIPerchatka", "UIPerchatka.csproj", "{907085C3-571B-4B71-9DA0-1ADA1B93A46F}"
EndProject
Global
	GlobalSection(SolutionConfigurationPlatforms) = preSolution
		Debug|Any CPU = Debug|Any CPU
		Release|Any CPU = Release|Any CPU
	EndGlobalSection
	GlobalSection(ProjectConfigurationPlatforms) = postSolution
		{907085C3-571B-4B71-9DA0-1ADA1B93A46F}.Debug|Any CPU.ActiveCfg = Debug|Any CPU
		{907085C3-571B-4B71-9DA0-1ADA1B93A46F}.Debug|Any CPU.Build.0 = Debug|Any CPU
		{907085C3-571B-4B71-9DA0-1ADA1B93A46F}.Release|Any CPU.ActiveCfg = Release|Any CPU
		{907085C3-571B-4B71-9DA0-1ADA1B93A46F}.Release|Any CPU.Build.0 = Release|Any CPU
	EndGlobalSection
	GlobalSection(SolutionProperties) = preSolution
		HideSolutionNode = FALSE
	EndGlobalSection
	GlobalSection(ExtensibilityGlobals) = postSolution
		SolutionGuid = {A8FFF11A-DFDF-42B5-8223-6C953C92FE45}
	EndGlobalSection
EndGlobal
